
Microsoft Visual Studio Solution File, Format Version 12.00
# Visual Studio Version 17
VisualStudioVersion = 17.1.32414.318
MinimumVisualStudioVersion = 10.0.40219.1
Project("{FAE04EC0-301F-11D3-BF4B-00C04F79EFBC}") = "Hosein_Amini_hw08_Maktab71", "Hosein_Amini_hw08_Maktab71\Hosein_Amini_hw08_Maktab71.csproj", "{BD64358A-FCDB-4113-B034-BEA4354B890C}"
EndProject
Global
	GlobalSection(SolutionConfigurationPlatforms) = preSolution
		Debug|Any CPU = Debug|Any CPU
		Release|Any CPU = Release|Any CPU
	EndGlobalSection
	GlobalSection(ProjectConfigurationPlatforms) = postSolution
		{BD64358A-FCDB-4113-B034-BEA4354B890C}.Debug|Any CPU.ActiveCfg = Debug|Any CPU
		{BD64358A-FCDB-4113-B034-BEA4354B890C}.Debug|Any CPU.Build.0 = Debug|Any CPU
		{BD64358A-FCDB-4113-B034-BEA4354B890C}.Release|Any CPU.ActiveCfg = Release|Any CPU
		{BD64358A-FCDB-4113-B034-BEA4354B890C}.Release|Any CPU.Build.0 = Release|Any CPU
	EndGlobalSection
	GlobalSection(SolutionProperties) = preSolution
		HideSolutionNode = FALSE
	EndGlobalSection
	GlobalSection(ExtensibilityGlobals) = postSolution
		SolutionGuid = {1BD772B0-C221-416E-95D7-D9055B5493FE}
	EndGlobalSection
EndGlobal
